
Microsoft Visual Studio Solution File, Format Version 12.00
# Visual Studio Version 16
VisualStudioVersion = 16.0.32228.343
MinimumVisualStudioVersion = 10.0.40219.1
Project("{9A19103F-16F7-4668-BE54-9A1E7A4F7556}") = "NTShopSolution.WebHost", "NTShopSolution.WebHost\NTShopSolution.WebHost.csproj", "{C08D9147-8235-465D-9B43-A9DBA002C995}"
EndProject
Project("{9A19103F-16F7-4668-BE54-9A1E7A4F7556}") = "NTShopSolution.Data", "NTShopSolution.Data\NTShopSolution.Data.csproj", "{FF388BE5-CBBD-4BAD-9880-D16439F0EBB5}"
EndProject
Project("{9A19103F-16F7-4668-BE54-9A1E7A4F7556}") = "NTShopSolution.Application", "NTShopSolution.Application\NTShopSolution.Application.csproj", "{261241A6-245D-45A0-9B17-C0800C933E67}"
EndProject
Project("{9A19103F-16F7-4668-BE54-9A1E7A4F7556}") = "NTShopSolution.Utilities", "NTShopSolution.Utilities\NTShopSolution.Utilities.csproj", "{B824BACA-459E-4CE7-82FB-A1DD757BB50D}"
EndProject
Project("{9A19103F-16F7-4668-BE54-9A1E7A4F7556}") = "NTShopSolution.ViewModels", "NTShopSolution.ViewModels\NTShopSolution.ViewModels.csproj", "{19E44695-9757-4446-B859-6058C057DF2E}"
EndProject
Project("{9A19103F-16F7-4668-BE54-9A1E7A4F7556}") = "NTShopSolution.ActivityLog", "NTShopSolution.ActivityLog\NTShopSolution.ActivityLog.csproj", "{52F61383-BB53-4FD2-B3D6-27541A58CEE4}"
EndProject
Project("{9A19103F-16F7-4668-BE54-9A1E7A4F7556}") = "NTShopSolution.BackendApi", "NTShopSolution.BackendApi\NTShopSolution.BackendApi.csproj", "{8938E92D-DA70-45FB-B4B9-984625019CCF}"
EndProject
Project("{2150E333-8FDC-42A3-9474-1A3956D46DE8}") = "1. Infrastructure", "1. Infrastructure", "{6FCCEAE5-F3B2-4108-83C4-9F33F81D0C16}"
EndProject
Project("{2150E333-8FDC-42A3-9474-1A3956D46DE8}") = "2. Domain", "2. Domain", "{D232E97F-0E7E-477A-ABF4-8F171C607700}"
EndProject
Project("{2150E333-8FDC-42A3-9474-1A3956D46DE8}") = "3. Hosts", "3. Hosts", "{B5B0E57E-05EC-415F-AA00-C4CBE6CE26DA}"
EndProject
Project("{2150E333-8FDC-42A3-9474-1A3956D46DE8}") = "0. Solution Items", "0. Solution Items", "{DC009C53-977B-4BB1-B403-64058FA3E984}"
	ProjectSection(SolutionItems) = preProject
		readme.md = readme.md
	EndProjectSection
EndProject
Global
	GlobalSection(SolutionConfigurationPlatforms) = preSolution
		Debug|Any CPU = Debug|Any CPU
		Release|Any CPU = Release|Any CPU
	EndGlobalSection
	GlobalSection(ProjectConfigurationPlatforms) = postSolution
		{C08D9147-8235-465D-9B43-A9DBA002C995}.Debug|Any CPU.ActiveCfg = Debug|Any CPU
		{C08D9147-8235-465D-9B43-A9DBA002C995}.Debug|Any CPU.Build.0 = Debug|Any CPU
		{C08D9147-8235-465D-9B43-A9DBA002C995}.Release|Any CPU.ActiveCfg = Release|Any CPU
		{C08D9147-8235-465D-9B43-A9DBA002C995}.Release|Any CPU.Build.0 = Release|Any CPU
		{FF388BE5-CBBD-4BAD-9880-D16439F0EBB5}.Debug|Any CPU.ActiveCfg = Debug|Any CPU
		{FF388BE5-CBBD-4BAD-9880-D16439F0EBB5}.Debug|Any CPU.Build.0 = Debug|Any CPU
		{FF388BE5-CBBD-4BAD-9880-D16439F0EBB5}.Release|Any CPU.ActiveCfg = Release|Any CPU
		{FF388BE5-CBBD-4BAD-9880-D16439F0EBB5}.Release|Any CPU.Build.0 = Release|Any CPU
		{261241A6-245D-45A0-9B17-C0800C933E67}.Debug|Any CPU.ActiveCfg = Debug|Any CPU
		{261241A6-245D-45A0-9B17-C0800C933E67}.Debug|Any CPU.Build.0 = Debug|Any CPU
		{261241A6-245D-45A0-9B17-C0800C933E67}.Release|Any CPU.ActiveCfg = Release|Any CPU
		{261241A6-245D-45A0-9B17-C0800C933E67}.Release|Any CPU.Build.0 = Release|Any CPU
		{B824BACA-459E-4CE7-82FB-A1DD757BB50D}.Debug|Any CPU.ActiveCfg = Debug|Any CPU
		{B824BACA-459E-4CE7-82FB-A1DD757BB50D}.Debug|Any CPU.Build.0 = Debug|Any CPU
		{B824BACA-459E-4CE7-82FB-A1DD757BB50D}.Release|Any CPU.ActiveCfg = Release|Any CPU
		{B824BACA-459E-4CE7-82FB-A1DD757BB50D}.Release|Any CPU.Build.0 = Release|Any CPU
		{19E44695-9757-4446-B859-6058C057DF2E}.Debug|Any CPU.ActiveCfg = Debug|Any CPU
		{19E44695-9757-4446-B859-6058C057DF2E}.Debug|Any CPU.Build.0 = Debug|Any CPU
		{19E44695-9757-4446-B859-6058C057DF2E}.Release|Any CPU.ActiveCfg = Release|Any CPU
		{19E44695-9757-4446-B859-6058C057DF2E}.Release|Any CPU.Build.0 = Release|Any CPU
		{52F61383-BB53-4FD2-B3D6-27541A58CEE4}.Debug|Any CPU.ActiveCfg = Debug|Any CPU
		{52F61383-BB53-4FD2-B3D6-27541A58CEE4}.Debug|Any CPU.Build.0 = Debug|Any CPU
		{52F61383-BB53-4FD2-B3D6-27541A58CEE4}.Release|Any CPU.ActiveCfg = Release|Any CPU
		{52F61383-BB53-4FD2-B3D6-27541A58CEE4}.Release|Any CPU.Build.0 = Release|Any CPU
		{8938E92D-DA70-45FB-B4B9-984625019CCF}.Debug|Any CPU.ActiveCfg = Debug|Any CPU
		{8938E92D-DA70-45FB-B4B9-984625019CCF}.Debug|Any CPU.Build.0 = Debug|Any CPU
		{8938E92D-DA70-45FB-B4B9-984625019CCF}.Release|Any CPU.ActiveCfg = Release|Any CPU
		{8938E92D-DA70-45FB-B4B9-984625019CCF}.Release|Any CPU.Build.0 = Release|Any CPU
	EndGlobalSection
	GlobalSection(SolutionProperties) = preSolution
		HideSolutionNode = FALSE
	EndGlobalSection
	GlobalSection(NestedProjects) = preSolution
		{C08D9147-8235-465D-9B43-A9DBA002C995} = {B5B0E57E-05EC-415F-AA00-C4CBE6CE26DA}
		{FF388BE5-CBBD-4BAD-9880-D16439F0EBB5} = {D232E97F-0E7E-477A-ABF4-8F171C607700}
		{261241A6-245D-45A0-9B17-C0800C933E67} = {D232E97F-0E7E-477A-ABF4-8F171C607700}
		{B824BACA-459E-4CE7-82FB-A1DD757BB50D} = {6FCCEAE5-F3B2-4108-83C4-9F33F81D0C16}
		{19E44695-9757-4446-B859-6058C057DF2E} = {6FCCEAE5-F3B2-4108-83C4-9F33F81D0C16}
		{52F61383-BB53-4FD2-B3D6-27541A58CEE4} = {6FCCEAE5-F3B2-4108-83C4-9F33F81D0C16}
		{8938E92D-DA70-45FB-B4B9-984625019CCF} = {B5B0E57E-05EC-415F-AA00-C4CBE6CE26DA}
	EndGlobalSection
	GlobalSection(ExtensibilityGlobals) = postSolution
		SolutionGuid = {C609B63C-7A4D-438C-8122-802E1841F6B3}
	EndGlobalSection
EndGlobal
